// !$*UTF8*$!
{
	archiveVersion = 1;
	classes = {
	};
	objectVersion = 50;
	objects = {

/* Begin PBXBuildFile section */
		5DB2F3F524ECB656007B0993 /* AppDelegate.swift in Sources */ = {isa = PBXBuildFile; fileRef = 5DB2F3F424ECB656007B0993 /* AppDelegate.swift */; };
		5DB2F3F724ECB656007B0993 /* SceneDelegate.swift in Sources */ = {isa = PBXBuildFile; fileRef = 5DB2F3F624ECB656007B0993 /* SceneDelegate.swift */; };
		5DB2F3F924ECB656007B0993 /* ViewController.swift in Sources */ = {isa = PBXBuildFile; fileRef = 5DB2F3F824ECB656007B0993 /* ViewController.swift */; };
		5DB2F3FC24ECB656007B0993 /* Main.storyboard in Resources */ = {isa = PBXBuildFile; fileRef = 5DB2F3FA24ECB656007B0993 /* Main.storyboard */; };
		5DB2F3FE24ECB65C007B0993 /* Assets.xcassets in Resources */ = {isa = PBXBuildFile; fileRef = 5DB2F3FD24ECB65C007B0993 /* Assets.xcassets */; };
		5DB2F40124ECB65C007B0993 /* LaunchScreen.storyboard in Resources */ = {isa = PBXBuildFile; fileRef = 5DB2F3FF24ECB65C007B0993 /* LaunchScreen.storyboard */; };
		5DB2F40C24ECB65C007B0993 /* ForcastTests.swift in Sources */ = {isa = PBXBuildFile; fileRef = 5DB2F40B24ECB65C007B0993 /* ForcastTests.swift */; };
		5DB2F41724ECB65C007B0993 /* ForcastUITests.swift in Sources */ = {isa = PBXBuildFile; fileRef = 5DB2F41624ECB65C007B0993 /* ForcastUITests.swift */; };
/* End PBXBuildFile section */

/* Begin PBXContainerItemProxy section */
		5DB2F40824ECB65C007B0993 /* PBXContainerItemProxy */ = {
			isa = PBXContainerItemProxy;
			containerPortal = 5DB2F3E924ECB656007B0993 /* Project object */;
			proxyType = 1;
			remoteGlobalIDString = 5DB2F3F024ECB656007B0993;
			remoteInfo = Forcast;
		};
		5DB2F41324ECB65C007B0993 /* PBXContainerItemProxy */ = {
			isa = PBXContainerItemProxy;
			containerPortal = 5DB2F3E924ECB656007B0993 /* Project object */;
			proxyType = 1;
			remoteGlobalIDString = 5DB2F3F024ECB656007B0993;
			remoteInfo = Forcast;
		};
/* End PBXContainerItemProxy section */

/* Begin PBXFileReference section */
		5DB2F3F124ECB656007B0993 /* Forcast.app */ = {isa = PBXFileReference; explicitFileType = wrapper.application; includeInIndex = 0; path = Forcast.app; sourceTree = BUILT_PRODUCTS_DIR; };
		5DB2F3F424ECB656007B0993 /* AppDelegate.swift */ = {isa = PBXFileReference; lastKnownFileType = sourcecode.swift; path = AppDelegate.swift; sourceTree = "<group>"; };
		5DB2F3F624ECB656007B0993 /* SceneDelegate.swift */ = {isa = PBXFileReference; lastKnownFileType = sourcecode.swift; path = SceneDelegate.swift; sourceTree = "<group>"; };
		5DB2F3F824ECB656007B0993 /* ViewController.swift */ = {isa = PBXFileReference; lastKnownFileType = sourcecode.swift; path = ViewController.swift; sourceTree = "<group>"; };
		5DB2F3FB24ECB656007B0993 /* Base */ = {isa = PBXFileReference; lastKnownFileType = file.storyboard; name = Base; path = Base.lproj/Main.storyboard; sourceTree = "<group>"; };
		5DB2F3FD24ECB65C007B0993 /* Assets.xcassets */ = {isa = PBXFileReference; lastKnownFileType = folder.assetcatalog; path = Assets.xcassets; sourceTree = "<group>"; };
		5DB2F40024ECB65C007B0993 /* Base */ = {isa = PBXFileReference; lastKnownFileType = file.storyboard; name = Base; path = Base.lproj/LaunchScreen.storyboard; sourceTree = "<group>"; };
		5DB2F40224ECB65C007B0993 /* Info.plist */ = {isa = PBXFileReference; lastKnownFileType = text.plist.xml; path = Info.plist; sourceTree = "<group>"; };
		5DB2F40724ECB65C007B0993 /* ForcastTests.xctest */ = {isa = PBXFileReference; explicitFileType = wrapper.cfbundle; includeInIndex = 0; path = ForcastTests.xctest; sourceTree = BUILT_PRODUCTS_DIR; };
		5DB2F40B24ECB65C007B0993 /* ForcastTests.swift */ = {isa = PBXFileReference; lastKnownFileType = sourcecode.swift; path = ForcastTests.swift; sourceTree = "<group>"; };
		5DB2F40D24ECB65C007B0993 /* Info.plist */ = {isa = PBXFileReference; lastKnownFileType = text.plist.xml; path = Info.plist; sourceTree = "<group>"; };
		5DB2F41224ECB65C007B0993 /* ForcastUITests.xctest */ = {isa = PBXFileReference; explicitFileType = wrapper.cfbundle; includeInIndex = 0; path = ForcastUITests.xctest; sourceTree = BUILT_PRODUCTS_DIR; };
		5DB2F41624ECB65C007B0993 /* ForcastUITests.swift */ = {isa = PBXFileReference; lastKnownFileType = sourcecode.swift; path = ForcastUITests.swift; sourceTree = "<group>"; };
		5DB2F41824ECB65C007B0993 /* Info.plist */ = {isa = PBXFileReference; lastKnownFileType = text.plist.xml; path = Info.plist; sourceTree = "<group>"; };
/* End PBXFileReference section */

/* Begin PBXFrameworksBuildPhase section */
		5DB2F3EE24ECB656007B0993 /* Frameworks */ = {
			isa = PBXFrameworksBuildPhase;
			buildActionMask = 2147483647;
			files = (
			);
			runOnlyForDeploymentPostprocessing = 0;
		};
		5DB2F40424ECB65C007B0993 /* Frameworks */ = {
			isa = PBXFrameworksBuildPhase;
			buildActionMask = 2147483647;
			files = (
			);
			runOnlyForDeploymentPostprocessing = 0;
		};
		5DB2F40F24ECB65C007B0993 /* Frameworks */ = {
			isa = PBXFrameworksBuildPhase;
			buildActionMask = 2147483647;
			files = (
			);
			runOnlyForDeploymentPostprocessing = 0;
		};
/* End PBXFrameworksBuildPhase section */

/* Begin PBXGroup section */
		5DB2F3E824ECB656007B0993 = {
			isa = PBXGroup;
			children = (
				5DB2F3F324ECB656007B0993 /* Forcast */,
				5DB2F40A24ECB65C007B0993 /* ForcastTests */,
				5DB2F41524ECB65C007B0993 /* ForcastUITests */,
				5DB2F3F224ECB656007B0993 /* Products */,
			);
			sourceTree = "<group>";
		};
		5DB2F3F224ECB656007B0993 /* Products */ = {
			isa = PBXGroup;
			children = (
				5DB2F3F124ECB656007B0993 /* Forcast.app */,
				5DB2F40724ECB65C007B0993 /* ForcastTests.xctest */,
				5DB2F41224ECB65C007B0993 /* ForcastUITests.xctest */,
			);
			name = Products;
			sourceTree = "<group>";
		};
		5DB2F3F324ECB656007B0993 /* Forcast */ = {
			isa = PBXGroup;
			children = (
				5DB2F3F424ECB656007B0993 /* AppDelegate.swift */,
				5DB2F3F624ECB656007B0993 /* SceneDelegate.swift */,
				5DB2F3F824ECB656007B0993 /* ViewController.swift */,
				5DB2F3FA24ECB656007B0993 /* Main.storyboard */,
				5DB2F3FD24ECB65C007B0993 /* Assets.xcassets */,
				5DB2F3FF24ECB65C007B0993 /* LaunchScreen.storyboard */,
				5DB2F40224ECB65C007B0993 /* Info.plist */,
			);
			path = Forcast;
			sourceTree = "<group>";
		};
		5DB2F40A24ECB65C007B0993 /* ForcastTests */ = {
			isa = PBXGroup;
			children = (
				5DB2F40B24ECB65C007B0993 /* ForcastTests.swift */,
				5DB2F40D24ECB65C007B0993 /* Info.plist */,
			);
			path = ForcastTests;
			sourceTree = "<group>";
		};
		5DB2F41524ECB65C007B0993 /* ForcastUITests */ = {
			isa = PBXGroup;
			children = (
				5DB2F41624ECB65C007B0993 /* ForcastUITests.swift */,
				5DB2F41824ECB65C007B0993 /* Info.plist */,
			);
			path = ForcastUITests;
			sourceTree = "<group>";
		};
/* End PBXGroup section */

/* Begin PBXNativeTarget section */
		5DB2F3F024ECB656007B0993 /* Forcast */ = {
			isa = PBXNativeTarget;
			buildConfigurationList = 5DB2F41B24ECB65C007B0993 /* Build configuration list for PBXNativeTarget "Forcast" */;
			buildPhases = (
				5DB2F3ED24ECB656007B0993 /* Sources */,
				5DB2F3EE24ECB656007B0993 /* Frameworks */,
				5DB2F3EF24ECB656007B0993 /* Resources */,
			);
			buildRules = (
			);
			dependencies = (
			);
			name = Forcast;
			productName = Forcast;
			productReference = 5DB2F3F124ECB656007B0993 /* Forcast.app */;
			productType = "com.apple.product-type.application";
		};
		5DB2F40624ECB65C007B0993 /* ForcastTests */ = {
			isa = PBXNativeTarget;
			buildConfigurationList = 5DB2F41E24ECB65C007B0993 /* Build configuration list for PBXNativeTarget "ForcastTests" */;
			buildPhases = (
				5DB2F40324ECB65C007B0993 /* Sources */,
				5DB2F40424ECB65C007B0993 /* Frameworks */,
				5DB2F40524ECB65C007B0993 /* Resources */,
			);
			buildRules = (
			);
			dependencies = (
				5DB2F40924ECB65C007B0993 /* PBXTargetDependency */,
			);
			name = ForcastTests;
			productName = ForcastTests;
			productReference = 5DB2F40724ECB65C007B0993 /* ForcastTests.xctest */;
			productType = "com.apple.product-type.bundle.unit-test";
		};
		5DB2F41124ECB65C007B0993 /* ForcastUITests */ = {
			isa = PBXNativeTarget;
			buildConfigurationList = 5DB2F42124ECB65C007B0993 /* Build configuration list for PBXNativeTarget "ForcastUITests" */;
			buildPhases = (
				5DB2F40E24ECB65C007B0993 /* Sources */,
				5DB2F40F24ECB65C007B0993 /* Frameworks */,
				5DB2F41024ECB65C007B0993 /* Resources */,
			);
			buildRules = (
			);
			dependencies = (
				5DB2F41424ECB65C007B0993 /* PBXTargetDependency */,
			);
			name = ForcastUITests;
			productName = ForcastUITests;
			productReference = 5DB2F41224ECB65C007B0993 /* ForcastUITests.xctest */;
			productType = "com.apple.product-type.bundle.ui-testing";
		};
/* End PBXNativeTarget section */

/* Begin PBXProject section */
		5DB2F3E924ECB656007B0993 /* Project object */ = {
			isa = PBXProject;
			attributes = {
				LastSwiftUpdateCheck = 1160;
				LastUpgradeCheck = 1160;
				ORGANIZATIONNAME = Nabeel;
				TargetAttributes = {
					5DB2F3F024ECB656007B0993 = {
						CreatedOnToolsVersion = 11.6;
					};
					5DB2F40624ECB65C007B0993 = {
						CreatedOnToolsVersion = 11.6;
						TestTargetID = 5DB2F3F024ECB656007B0993;
					};
					5DB2F41124ECB65C007B0993 = {
						CreatedOnToolsVersion = 11.6;
						TestTargetID = 5DB2F3F024ECB656007B0993;
					};
				};
			};
			buildConfigurationList = 5DB2F3EC24ECB656007B0993 /* Build configuration list for PBXProject "Forcast" */;
			compatibilityVersion = "Xcode 9.3";
			developmentRegion = en;
			hasScannedForEncodings = 0;
			knownRegions = (
				en,
				Base,
			);
			mainGroup = 5DB2F3E824ECB656007B0993;
			productRefGroup = 5DB2F3F224ECB656007B0993 /* Products */;
			projectDirPath = "";
			projectRoot = "";
			targets = (
				5DB2F3F024ECB656007B0993 /* Forcast */,
				5DB2F40624ECB65C007B0993 /* ForcastTests */,
				5DB2F41124ECB65C007B0993 /* ForcastUITests */,
			);
		};
/* End PBXProject section */

/* Begin PBXResourcesBuildPhase section */
		5DB2F3EF24ECB656007B0993 /* Resources */ = {
			isa = PBXResourcesBuildPhase;
			buildActionMask = 2147483647;
			files = (
				5DB2F40124ECB65C007B0993 /* LaunchScreen.storyboard in Resources */,
				5DB2F3FE24ECB65C007B0993 /* Assets.xcassets in Resources */,
				5DB2F3FC24ECB656007B0993 /* Main.storyboard in Resources */,
			);
			runOnlyForDeploymentPostprocessing = 0;
		};
		5DB2F40524ECB65C007B0993 /* Resources */ = {
			isa = PBXResourcesBuildPhase;
			buildActionMask = 2147483647;
			files = (
			);
			runOnlyForDeploymentPostprocessing = 0;
		};
		5DB2F41024ECB65C007B0993 /* Resources */ = {
			isa = PBXResourcesBuildPhase;
			buildActionMask = 2147483647;
			files = (
			);
			runOnlyForDeploymentPostprocessing = 0;
		};
/* End PBXResourcesBuildPhase section */

/* Begin PBXSourcesBuildPhase section */
		5DB2F3ED24ECB656007B0993 /* Sources */ = {
			isa = PBXSourcesBuildPhase;
			buildActionMask = 2147483647;
			files = (
				5DB2F3F924ECB656007B0993 /* ViewController.swift in Sources */,
				5DB2F3F524ECB656007B0993 /* AppDelegate.swift in Sources */,
				5DB2F3F724ECB656007B0993 /* SceneDelegate.swift in Sources */,
			);
			runOnlyForDeploymentPostprocessing = 0;
		};
		5DB2F40324ECB65C007B0993 /* Sources */ = {
			isa = PBXSourcesBuildPhase;
			buildActionMask = 2147483647;
			files = (
				5DB2F40C24ECB65C007B0993 /* ForcastTests.swift in Sources */,
			);
			runOnlyForDeploymentPostprocessing = 0;
		};
		5DB2F40E24ECB65C007B0993 /* Sources */ = {
			isa = PBXSourcesBuildPhase;
			buildActionMask = 2147483647;
			files = (
				5DB2F41724ECB65C007B0993 /* ForcastUITests.swift in Sources */,
			);
			runOnlyForDeploymentPostprocessing = 0;
		};
/* End PBXSourcesBuildPhase section */

/* Begin PBXTargetDependency section */
		5DB2F40924ECB65C007B0993 /* PBXTargetDependency */ = {
			isa = PBXTargetDependency;
			target = 5DB2F3F024ECB656007B0993 /* Forcast */;
			targetProxy = 5DB2F40824ECB65C007B0993 /* PBXContainerItemProxy */;
		};
		5DB2F41424ECB65C007B0993 /* PBXTargetDependency */ = {
			isa = PBXTargetDependency;
			target = 5DB2F3F024ECB656007B0993 /* Forcast */;
			targetProxy = 5DB2F41324ECB65C007B0993 /* PBXContainerItemProxy */;
		};
/* End PBXTargetDependency section */

/* Begin PBXVariantGroup section */
		5DB2F3FA24ECB656007B0993 /* Main.storyboard */ = {
			isa = PBXVariantGroup;
			children = (
				5DB2F3FB24ECB656007B0993 /* Base */,
			);
			name = Main.storyboard;
			sourceTree = "<group>";
		};
		5DB2F3FF24ECB65C007B0993 /* LaunchScreen.storyboard */ = {
			isa = PBXVariantGroup;
			children = (
				5DB2F40024ECB65C007B0993 /* Base */,
			);
			name = LaunchScreen.storyboard;
			sourceTree = "<group>";
		};
/* End PBXVariantGroup section */

/* Begin XCBuildConfiguration section */
		5DB2F41924ECB65C007B0993 /* Debug */ = {
			isa = XCBuildConfiguration;
			buildSettings = {
				ALWAYS_SEARCH_USER_PATHS = NO;
				CLANG_ANALYZER_NONNULL = YES;
				CLANG_ANALYZER_NUMBER_OBJECT_CONVERSION = YES_AGGRESSIVE;
				CLANG_CXX_LANGUAGE_STANDARD = "gnu++14";
				CLANG_CXX_LIBRARY = "libc++";
				CLANG_ENABLE_MODULES = YES;
				CLANG_ENABLE_OBJC_ARC = YES;
				CLANG_ENABLE_OBJC_WEAK = YES;
				CLANG_WARN_BLOCK_CAPTURE_AUTORELEASING = YES;
				CLANG_WARN_BOOL_CONVERSION = YES;
				CLANG_WARN_COMMA = YES;
				CLANG_WARN_CONSTANT_CONVERSION = YES;
				CLANG_WARN_DEPRECATED_OBJC_IMPLEMENTATIONS = YES;
				CLANG_WARN_DIRECT_OBJC_ISA_USAGE = YES_ERROR;
				CLANG_WARN_DOCUMENTATION_COMMENTS = YES;
				CLANG_WARN_EMPTY_BODY = YES;
				CLANG_WARN_ENUM_CONVERSION = YES;
				CLANG_WARN_INFINITE_RECURSION = YES;
				CLANG_WARN_INT_CONVERSION = YES;
				CLANG_WARN_NON_LITERAL_NULL_CONVERSION = YES;
				CLANG_WARN_OBJC_IMPLICIT_RETAIN_SELF = YES;
				CLANG_WARN_OBJC_LITERAL_CONVERSION = YES;
				CLANG_WARN_OBJC_ROOT_CLASS = YES_ERROR;
				CLANG_WARN_RANGE_LOOP_ANALYSIS = YES;
				CLANG_WARN_STRICT_PROTOTYPES = YES;
				CLANG_WARN_SUSPICIOUS_MOVE = YES;
				CLANG_WARN_UNGUARDED_AVAILABILITY = YES_AGGRESSIVE;
				CLANG_WARN_UNREACHABLE_CODE = YES;
				CLANG_WARN__DUPLICATE_METHOD_MATCH = YES;
				COPY_PHASE_STRIP = NO;
				DEBUG_INFORMATION_FORMAT = dwarf;
				ENABLE_STRICT_OBJC_MSGSEND = YES;
				ENABLE_TESTABILITY = YES;
				GCC_C_LANGUAGE_STANDARD = gnu11;
				GCC_DYNAMIC_NO_PIC = NO;
				GCC_NO_COMMON_BLOCKS = YES;
				GCC_OPTIMIZATION_LEVEL = 0;
				GCC_PREPROCESSOR_DEFINITIONS = (
					"DEBUG=1",
					"$(inherited)",
				);
				GCC_WARN_64_TO_32_BIT_CONVERSION = YES;
				GCC_WARN_ABOUT_RETURN_TYPE = YES_ERROR;
				GCC_WARN_UNDECLARED_SELECTOR = YES;
				GCC_WARN_UNINITIALIZED_AUTOS = YES_AGGRESSIVE;
				GCC_WARN_UNUSED_FUNCTION = YES;
				GCC_WARN_UNUSED_VARIABLE = YES;
				IPHONEOS_DEPLOYMENT_TARGET = 13.6;
				MTL_ENABLE_DEBUG_INFO = INCLUDE_SOURCE;
				MTL_FAST_MATH = YES;
				ONLY_ACTIVE_ARCH = YES;
				SDKROOT = iphoneos;
				SWIFT_ACTIVE_COMPILATION_CONDITIONS = DEBUG;
				SWIFT_OPTIMIZATION_LEVEL = "-Onone";
			};
			name = Debug;
		};
		5DB2F41A24ECB65C007B0993 /* Release */ = {
			isa = XCBuildConfiguration;
			buildSettings = {
				ALWAYS_SEARCH_USER_PATHS = NO;
				CLANG_ANALYZER_NONNULL = YES;
				CLANG_ANALYZER_NUMBER_OBJECT_CONVERSION = YES_AGGRESSIVE;
				CLANG_CXX_LANGUAGE_STANDARD = "gnu++14";
				CLANG_CXX_LIBRARY = "libc++";
				CLANG_ENABLE_MODULES = YES;
				CLANG_ENABLE_OBJC_ARC = YES;
				CLANG_ENABLE_OBJC_WEAK = YES;
				CLANG_WARN_BLOCK_CAPTURE_AUTORELEASING = YES;
				CLANG_WARN_BOOL_CONVERSION = YES;
				CLANG_WARN_COMMA = YES;
				CLANG_WARN_CONSTANT_CONVERSION = YES;
				CLANG_WARN_DEPRECATED_OBJC_IMPLEMENTATIONS = YES;
				CLANG_WARN_DIRECT_OBJC_ISA_USAGE = YES_ERROR;
				CLANG_WARN_DOCUMENTATION_COMMENTS = YES;
				CLANG_WARN_EMPTY_BODY = YES;
				CLANG_WARN_ENUM_CONVERSION = YES;
				CLANG_WARN_INFINITE_RECURSION = YES;
				CLANG_WARN_INT_CONVERSION = YES;
				CLANG_WARN_NON_LITERAL_NULL_CONVERSION = YES;
				CLANG_WARN_OBJC_IMPLICIT_RETAIN_SELF = YES;
				CLANG_WARN_OBJC_LITERAL_CONVERSION = YES;
				CLANG_WARN_OBJC_ROOT_CLASS = YES_ERROR;
				CLANG_WARN_RANGE_LOOP_ANALYSIS = YES;
				CLANG_WARN_STRICT_PROTOTYPES = YES;
				CLANG_WARN_SUSPICIOUS_MOVE = YES;
				CLANG_WARN_UNGUARDED_AVAILABILITY = YES_AGGRESSIVE;
				CLANG_WARN_UNREACHABLE_CODE = YES;
				CLANG_WARN__DUPLICATE_METHOD_MATCH = YES;
				COPY_PHASE_STRIP = NO;
				DEBUG_INFORMATION_FORMAT = "dwarf-with-dsym";
				ENABLE_NS_ASSERTIONS = NO;
				ENABLE_STRICT_OBJC_MSGSEND = YES;
				GCC_C_LANGUAGE_STANDARD = gnu11;
				GCC_NO_COMMON_BLOCKS = YES;
				GCC_WARN_64_TO_32_BIT_CONVERSION = YES;
				GCC_WARN_ABOUT_RETURN_TYPE = YES_ERROR;
				GCC_WARN_UNDECLARED_SELECTOR = YES;
				GCC_WARN_UNINITIALIZED_AUTOS = YES_AGGRESSIVE;
				GCC_WARN_UNUSED_FUNCTION = YES;
				GCC_WARN_UNUSED_VARIABLE = YES;
				IPHONEOS_DEPLOYMENT_TARGET = 13.6;
				MTL_ENABLE_DEBUG_INFO = NO;
				MTL_FAST_MATH = YES;
				SDKROOT = iphoneos;
				SWIFT_COMPILATION_MODE = wholemodule;
				SWIFT_OPTIMIZATION_LEVEL = "-O";
				VALIDATE_PRODUCT = YES;
			};
			name = Release;
		};
		5DB2F41C24ECB65C007B0993 /* Debug */ = {
			isa = XCBuildConfiguration;
			buildSettings = {
				ASSETCATALOG_COMPILER_APPICON_NAME = AppIcon;
				CODE_SIGN_STYLE = Automatic;
				DEVELOPMENT_TEAM = 3P3U576Q35;
				INFOPLIST_FILE = Forcast/Info.plist;
				LD_RUNPATH_SEARCH_PATHS = (
					"$(inherited)",
					"@executable_path/Frameworks",
				);
				PRODUCT_BUNDLE_IDENTIFIER = com.plasmainstitute.com.Forcast;
				PRODUCT_NAME = "$(TARGET_NAME)";
				SWIFT_VERSION = 5.0;
				TARGETED_DEVICE_FAMILY = "1,2";
			};
			name = Debug;
		};
		5DB2F41D24ECB65C007B0993 /* Release */ = {
			isa = XCBuildConfiguration;
			buildSettings = {
				ASSETCATALOG_COMPILER_APPICON_NAME = AppIcon;
				CODE_SIGN_STYLE = Automatic;
				DEVELOPMENT_TEAM = 3P3U576Q35;
				INFOPLIST_FILE = Forcast/Info.plist;
				LD_RUNPATH_SEARCH_PATHS = (
					"$(inherited)",
					"@executable_path/Frameworks",
				);
				PRODUCT_BUNDLE_IDENTIFIER = com.plasmainstitute.com.Forcast;
				PRODUCT_NAME = "$(TARGET_NAME)";
				SWIFT_VERSION = 5.0;
				TARGETED_DEVICE_FAMILY = "1,2";
			};
			name = Release;
		};
		5DB2F41F24ECB65C007B0993 /* Debug */ = {
			isa = XCBuildConfiguration;
			buildSettings = {
				ALWAYS_EMBED_SWIFT_STANDARD_LIBRARIES = YES;
				BUNDLE_LOADER = "$(TEST_HOST)";
				CODE_SIGN_STYLE = Automatic;
				DEVELOPMENT_TEAM = 3P3U576Q35;
				INFOPLIST_FILE = ForcastTests/Info.plist;
				IPHONEOS_DEPLOYMENT_TARGET = 13.6;
				LD_RUNPATH_SEARCH_PATHS = (
					"$(inherited)",
					"@executable_path/Frameworks",
					"@loader_path/Frameworks",
				);
				PRODUCT_BUNDLE_IDENTIFIER = com.plasmainstitute.com.ForcastTests;
				PRODUCT_NAME = "$(TARGET_NAME)";
				SWIFT_VERSION = 5.0;
				TARGETED_DEVICE_FAMILY = "1,2";
				TEST_HOST = "$(BUILT_PRODUCTS_DIR)/Forcast.app/Forcast";
			};
			name = Debug;
		};
		5DB2F42024ECB65C007B0993 /* Release */ = {
			isa = XCBuildConfiguration;
			buildSettings = {
				ALWAYS_EMBED_SWIFT_STANDARD_LIBRARIES = YES;
				BUNDLE_LOADER = "$(TEST_HOST)";
				CODE_SIGN_STYLE = Automatic;
				DEVELOPMENT_TEAM = 3P3U576Q35;
				INFOPLIST_FILE = ForcastTests/Info.plist;
				IPHONEOS_DEPLOYMENT_TARGET = 13.6;
				LD_RUNPATH_SEARCH_PATHS = (
					"$(inherited)",
					"@executable_path/Frameworks",
					"@loader_path/Frameworks",
				);
				PRODUCT_BUNDLE_IDENTIFIER = com.plasmainstitute.com.ForcastTests;
				PRODUCT_NAME = "$(TARGET_NAME)";
				SWIFT_VERSION = 5.0;
				TARGETED_DEVICE_FAMILY = "1,2";
				TEST_HOST = "$(BUILT_PRODUCTS_DIR)/Forcast.app/Forcast";
			};
			name = Release;
		};
		5DB2F42224ECB65C007B0993 /* Debug */ = {
			isa = XCBuildConfiguration;
			buildSettings = {
				ALWAYS_EMBED_SWIFT_STANDARD_LIBRARIES = YES;
				CODE_SIGN_STYLE = Automatic;
				DEVELOPMENT_TEAM = 3P3U576Q35;
				INFOPLIST_FILE = ForcastUITests/Info.plist;
				LD_RUNPATH_SEARCH_PATHS = (
					"$(inherited)",
					"@executable_path/Frameworks",
					"@loader_path/Frameworks",
				);
				PRODUCT_BUNDLE_IDENTIFIER = com.plasmainstitute.com.ForcastUITests;
				PRODUCT_NAME = "$(TARGET_NAME)";
				SWIFT_VERSION = 5.0;
				TARGETED_DEVICE_FAMILY = "1,2";
				TEST_TARGET_NAME = Forcast;
			};
			name = Debug;
		};
		5DB2F42324ECB65C007B0993 /* Release */ = {
			isa = XCBuildConfiguration;
			buildSettings = {
				ALWAYS_EMBED_SWIFT_STANDARD_LIBRARIES = YES;
				CODE_SIGN_STYLE = Automatic;
				DEVELOPMENT_TEAM = 3P3U576Q35;
				INFOPLIST_FILE = ForcastUITests/Info.plist;
				LD_RUNPATH_SEARCH_PATHS = (
					"$(inherited)",
					"@executable_path/Frameworks",
					"@loader_path/Frameworks",
				);
				PRODUCT_BUNDLE_IDENTIFIER = com.plasmainstitute.com.ForcastUITests;
				PRODUCT_NAME = "$(TARGET_NAME)";
				SWIFT_VERSION = 5.0;
				TARGETED_DEVICE_FAMILY = "1,2";
				TEST_TARGET_NAME = Forcast;
			};
			name = Release;
		};
/* End XCBuildConfiguration section */

/* Begin XCConfigurationList section */
		5DB2F3EC24ECB656007B0993 /* Build configuration list for PBXProject "Forcast" */ = {
			isa = XCConfigurationList;
			buildConfigurations = (
				5DB2F41924ECB65C007B0993 /* Debug */,
				5DB2F41A24ECB65C007B0993 /* Release */,
			);
			defaultConfigurationIsVisible = 0;
			defaultConfigurationName = Release;
		};
		5DB2F41B24ECB65C007B0993 /* Build configuration list for PBXNativeTarget "Forcast" */ = {
			isa = XCConfigurationList;
			buildConfigurations = (
				5DB2F41C24ECB65C007B0993 /* Debug */,
				5DB2F41D24ECB65C007B0993 /* Release */,
			);
			defaultConfigurationIsVisible = 0;
			defaultConfigurationName = Release;
		};
		5DB2F41E24ECB65C007B0993 /* Build configuration list for PBXNativeTarget "ForcastTests" */ = {
			isa = XCConfigurationList;
			buildConfigurations = (
				5DB2F41F24ECB65C007B0993 /* Debug */,
				5DB2F42024ECB65C007B0993 /* Release */,
			);
			defaultConfigurationIsVisible = 0;
			defaultConfigurationName = Release;
		};
		5DB2F42124ECB65C007B0993 /* Build configuration list for PBXNativeTarget "ForcastUITests" */ = {
			isa = XCConfigurationList;
			buildConfigurations = (
				5DB2F42224ECB65C007B0993 /* Debug */,
				5DB2F42324ECB65C007B0993 /* Release */,
			);
			defaultConfigurationIsVisible = 0;
			defaultConfigurationName = Release;
		};
/* End XCConfigurationList section */
	};
	rootObject = 5DB2F3E924ECB656007B0993 /* Project object */;
}
